// !$*UTF8*$!
{
	archiveVersion = 1;
	classes = {
	};
	objectVersion = 45;
	objects = {

/* Begin PBXBuildFile section */
		8D11072B0486CEB800E47090 /* InfoPlist.strings in Resources */ = {isa = PBXBuildFile; fileRef = 089C165CFE840E0CC02AAC07 /* InfoPlist.strings */; };
		8D11072D0486CEB800E47090 /* Mac-OS-Sample-main.m in Sources */ = {isa = PBXBuildFile; fileRef = 29B97316FDCFA39411CA2CEA /* Mac-OS-Sample-main.m */; settings = {ATTRIBUTES = (); }; };
		8D11072F0486CEB800E47090 /* Cocoa.framework in Frameworks */ = {isa = PBXBuildFile; fileRef = 1058C7A1FEA54F0111CA2CBB /* Cocoa.framework */; };
		B5731BD00E4319940008024F /* Cocoa.framework in Frameworks */ = {isa = PBXBuildFile; fileRef = B5731BCF0E4319940008024F /* Cocoa.framework */; };
		B5731C300E431B340008024F /* ASIHTTPRequestTests.m in Sources */ = {isa = PBXBuildFile; fileRef = B5731AFB0E430B1F0008024F /* ASIHTTPRequestTests.m */; };
		B5ABC7BB0E24C5620072F422 /* ASIHTTPRequest.m in Sources */ = {isa = PBXBuildFile; fileRef = B5ABC7B90E24C5620072F422 /* ASIHTTPRequest.m */; };
		B5ABC80F0E24CB100072F422 /* AppDelegate.m in Sources */ = {isa = PBXBuildFile; fileRef = B5ABC80E0E24CB100072F422 /* AppDelegate.m */; };
		B5B03D520EC5C0330089D01F /* ASINetworkQueue.m in Sources */ = {isa = PBXBuildFile; fileRef = B5F4C4370EC49EAB00D4F31C /* ASINetworkQueue.m */; };
		B5B03DA70EC5D0930089D01F /* ASINetworkQueueTests.m in Sources */ = {isa = PBXBuildFile; fileRef = B5B03DA60EC5D0930089D01F /* ASINetworkQueueTests.m */; };
		B5B03F130EC5DB0E0089D01F /* ASIFormDataRequest.m in Sources */ = {isa = PBXBuildFile; fileRef = B5CFFA3F0EC45D49009ADE56 /* ASIFormDataRequest.m */; };
		B5B03F9C0EC5DEF80089D01F /* ASIFormDataRequestTests.m in Sources */ = {isa = PBXBuildFile; fileRef = B5B03F9B0EC5DEF80089D01F /* ASIFormDataRequestTests.m */; };
		B5B041810EC5F2850089D01F /* MainMenu.xib in Resources */ = {isa = PBXBuildFile; fileRef = B5B0417F0EC5F2850089D01F /* MainMenu.xib */; };
		B5B3BC480E62D4790071D39F /* NSHTTPCookieAdditions.m in Sources */ = {isa = PBXBuildFile; fileRef = B5B3BC470E62D4790071D39F /* NSHTTPCookieAdditions.m */; };
		B5CFFA400EC45D49009ADE56 /* ASIFormDataRequest.m in Sources */ = {isa = PBXBuildFile; fileRef = B5CFFA3F0EC45D49009ADE56 /* ASIFormDataRequest.m */; };
		B5CFFADB0EC4650A009ADE56 /* NSHTTPCookieAdditions.m in Sources */ = {isa = PBXBuildFile; fileRef = B5B3BC470E62D4790071D39F /* NSHTTPCookieAdditions.m */; };
		B5CFFADC0EC46516009ADE56 /* ASIFormDataRequest.m in Sources */ = {isa = PBXBuildFile; fileRef = B5CFFA3F0EC45D49009ADE56 /* ASIFormDataRequest.m */; };
		B5CFFADD0EC4651B009ADE56 /* ASIHTTPRequest.m in Sources */ = {isa = PBXBuildFile; fileRef = B5ABC7B90E24C5620072F422 /* ASIHTTPRequest.m */; };
		B5CFFB4B0EC467DA009ADE56 /* iPhone-Sample-main.m in Sources */ = {isa = PBXBuildFile; fileRef = B5CFFB4A0EC467DA009ADE56 /* iPhone-Sample-main.m */; };
		B5CFFBCE0EC46E20009ADE56 /* MainWindow.xib in Resources */ = {isa = PBXBuildFile; fileRef = B5CFFBCB0EC46E20009ADE56 /* MainWindow.xib */; };
		B5CFFBCF0EC46E20009ADE56 /* Synchronous.xib in Resources */ = {isa = PBXBuildFile; fileRef = B5CFFBCC0EC46E20009ADE56 /* Synchronous.xib */; };
		B5CFFBD00EC46E20009ADE56 /* Queue.xib in Resources */ = {isa = PBXBuildFile; fileRef = B5CFFBCD0EC46E20009ADE56 /* Queue.xib */; };
		B5CFFBD30EC46E41009ADE56 /* iPhoneSampleAppDelegate.m in Sources */ = {isa = PBXBuildFile; fileRef = B5CFFBD20EC46E41009ADE56 /* iPhoneSampleAppDelegate.m */; };
		B5F4C23A0EC4742C00D4F31C /* SynchronousViewController.m in Sources */ = {isa = PBXBuildFile; fileRef = B5F4C2390EC4742C00D4F31C /* SynchronousViewController.m */; };
		B5F4C2A30EC4768500D4F31C /* QueueViewController.m in Sources */ = {isa = PBXBuildFile; fileRef = B5F4C2A20EC4768500D4F31C /* QueueViewController.m */; };
		B5F4C3470EC47B0400D4F31C /* ASIHTTPRequest.m in Sources */ = {isa = PBXBuildFile; fileRef = B5ABC7B90E24C5620072F422 /* ASIHTTPRequest.m */; };
		B5F4C3490EC47B1700D4F31C /* NSHTTPCookieAdditions.m in Sources */ = {isa = PBXBuildFile; fileRef = B5B3BC470E62D4790071D39F /* NSHTTPCookieAdditions.m */; };
		B5F4C3C50EC47F6C00D4F31C /* iphone-icon.png in Resources */ = {isa = PBXBuildFile; fileRef = B5F4C3C40EC47F6C00D4F31C /* iphone-icon.png */; };
		B5F4C4380EC49EAB00D4F31C /* ASINetworkQueue.m in Sources */ = {isa = PBXBuildFile; fileRef = B5F4C4370EC49EAB00D4F31C /* ASINetworkQueue.m */; };
		B5F4C7140EC4C9DE00D4F31C /* ASINetworkQueue.m in Sources */ = {isa = PBXBuildFile; fileRef = B5F4C4370EC49EAB00D4F31C /* ASINetworkQueue.m */; };
/* End PBXBuildFile section */

/* Begin PBXContainerItemProxy section */
		B5731C2D0E431B210008024F /* PBXContainerItemProxy */ = {
			isa = PBXContainerItemProxy;
			containerPortal = 29B97313FDCFA39411CA2CEA /* Project object */;
			proxyType = 1;
			remoteGlobalIDString = 8D1107260486CEB800E47090;
			remoteInfo = "asi-http-request";
		};
/* End PBXContainerItemProxy section */

/* Begin PBXFileReference section */
		089C165DFE840E0CC02AAC07 /* English */ = {isa = PBXFileReference; fileEncoding = 10; lastKnownFileType = text.plist.strings; name = English; path = English.lproj/InfoPlist.strings; sourceTree = "<group>"; };
		1058C7A1FEA54F0111CA2CBB /* Cocoa.framework */ = {isa = PBXFileReference; lastKnownFileType = wrapper.framework; name = Cocoa.framework; path = /System/Library/Frameworks/Cocoa.framework; sourceTree = "<absolute>"; };
		13E42FB307B3F0F600E4EEF1 /* CoreData.framework */ = {isa = PBXFileReference; lastKnownFileType = wrapper.framework; name = CoreData.framework; path = /System/Library/Frameworks/CoreData.framework; sourceTree = "<absolute>"; };
		29B97316FDCFA39411CA2CEA /* Mac-OS-Sample-main.m */ = {isa = PBXFileReference; fileEncoding = 4; lastKnownFileType = sourcecode.c.objc; path = "Mac-OS-Sample-main.m"; sourceTree = "<group>"; };
		29B97324FDCFA39411CA2CEA /* AppKit.framework */ = {isa = PBXFileReference; lastKnownFileType = wrapper.framework; name = AppKit.framework; path = /System/Library/Frameworks/AppKit.framework; sourceTree = "<absolute>"; };
		29B97325FDCFA39411CA2CEA /* Foundation.framework */ = {isa = PBXFileReference; lastKnownFileType = wrapper.framework; name = Foundation.framework; path = /System/Library/Frameworks/Foundation.framework; sourceTree = "<absolute>"; };
		32CA4F630368D1EE00C91783 /* Mac-OS-Sample-Application.pch */ = {isa = PBXFileReference; fileEncoding = 4; lastKnownFileType = sourcecode.c.h; path = "Mac-OS-Sample-Application.pch"; sourceTree = "<group>"; };
		8D1107310486CEB800E47090 /* Info.plist */ = {isa = PBXFileReference; fileEncoding = 4; lastKnownFileType = text.plist.xml; path = Info.plist; sourceTree = "<group>"; };
		8D1107320486CEB800E47090 /* asi-http-request.app */ = {isa = PBXFileReference; explicitFileType = wrapper.application; includeInIndex = 0; path = "asi-http-request.app"; sourceTree = BUILT_PRODUCTS_DIR; };
		B5731AE60E430AC30008024F /* Tests.octest */ = {isa = PBXFileReference; explicitFileType = wrapper.cfbundle; includeInIndex = 0; path = Tests.octest; sourceTree = BUILT_PRODUCTS_DIR; };
		B5731AE70E430AC30008024F /* Tests-Info.plist */ = {isa = PBXFileReference; lastKnownFileType = text.plist.xml; path = "Tests-Info.plist"; sourceTree = "<group>"; };
		B5731AFA0E430B1F0008024F /* ASIHTTPRequestTests.h */ = {isa = PBXFileReference; fileEncoding = 4; lastKnownFileType = sourcecode.c.h; path = ASIHTTPRequestTests.h; sourceTree = "<group>"; };
		B5731AFB0E430B1F0008024F /* ASIHTTPRequestTests.m */ = {isa = PBXFileReference; fileEncoding = 4; lastKnownFileType = sourcecode.c.objc; path = ASIHTTPRequestTests.m; sourceTree = "<group>"; };
		B5731B620E430F430008024F /* SenTestingKit.framework */ = {isa = PBXFileReference; lastKnownFileType = wrapper.framework; name = SenTestingKit.framework; path = Library/Frameworks/SenTestingKit.framework; sourceTree = DEVELOPER_DIR; };
		B5731BCF0E4319940008024F /* Cocoa.framework */ = {isa = PBXFileReference; lastKnownFileType = wrapper.framework; name = Cocoa.framework; path = System/Library/Frameworks/Cocoa.framework; sourceTree = SDKROOT; };
		B5ABC7B90E24C5620072F422 /* ASIHTTPRequest.m */ = {isa = PBXFileReference; fileEncoding = 4; lastKnownFileType = sourcecode.c.objc; path = ASIHTTPRequest.m; sourceTree = "<group>"; };
		B5ABC7BA0E24C5620072F422 /* ASIHTTPRequest.h */ = {isa = PBXFileReference; fileEncoding = 4; lastKnownFileType = sourcecode.c.h; path = ASIHTTPRequest.h; sourceTree = "<group>"; };
		B5ABC80D0E24CB100072F422 /* AppDelegate.h */ = {isa = PBXFileReference; fileEncoding = 4; lastKnownFileType = sourcecode.c.h; path = AppDelegate.h; sourceTree = "<group>"; };
		B5ABC80E0E24CB100072F422 /* AppDelegate.m */ = {isa = PBXFileReference; fileEncoding = 4; lastKnownFileType = sourcecode.c.objc; path = AppDelegate.m; sourceTree = "<group>"; };
		B5B03DA50EC5D0930089D01F /* ASINetworkQueueTests.h */ = {isa = PBXFileReference; fileEncoding = 4; lastKnownFileType = sourcecode.c.h; path = ASINetworkQueueTests.h; sourceTree = "<group>"; };
		B5B03DA60EC5D0930089D01F /* ASINetworkQueueTests.m */ = {isa = PBXFileReference; fileEncoding = 4; lastKnownFileType = sourcecode.c.objc; path = ASINetworkQueueTests.m; sourceTree = "<group>"; };
		B5B03F9A0EC5DEF80089D01F /* ASIFormDataRequestTests.h */ = {isa = PBXFileReference; fileEncoding = 4; lastKnownFileType = sourcecode.c.h; path = ASIFormDataRequestTests.h; sourceTree = "<group>"; };
		B5B03F9B0EC5DEF80089D01F /* ASIFormDataRequestTests.m */ = {isa = PBXFileReference; fileEncoding = 4; lastKnownFileType = sourcecode.c.objc; path = ASIFormDataRequestTests.m; sourceTree = "<group>"; };
		B5B041800EC5F2850089D01F /* English */ = {isa = PBXFileReference; lastKnownFileType = file.xib; name = English; path = English.lproj/MainMenu.xib; sourceTree = "<group>"; };
		B5B3BC460E62D4790071D39F /* NSHTTPCookieAdditions.h */ = {isa = PBXFileReference; fileEncoding = 4; lastKnownFileType = sourcecode.c.h; path = NSHTTPCookieAdditions.h; sourceTree = "<group>"; };
		B5B3BC470E62D4790071D39F /* NSHTTPCookieAdditions.m */ = {isa = PBXFileReference; fileEncoding = 4; lastKnownFileType = sourcecode.c.objc; path = NSHTTPCookieAdditions.m; sourceTree = "<group>"; };
		B5CFFA3E0EC45D49009ADE56 /* ASIFormDataRequest.h */ = {isa = PBXFileReference; fileEncoding = 4; lastKnownFileType = sourcecode.c.h; path = ASIFormDataRequest.h; sourceTree = "<group>"; };
		B5CFFA3F0EC45D49009ADE56 /* ASIFormDataRequest.m */ = {isa = PBXFileReference; fileEncoding = 4; lastKnownFileType = sourcecode.c.objc; path = ASIFormDataRequest.m; sourceTree = "<group>"; };
		B5CFFAC90EC464D2009ADE56 /* AHR Sample.app */ = {isa = PBXFileReference; explicitFileType = wrapper.application; includeInIndex = 0; path = "AHR Sample.app"; sourceTree = BUILT_PRODUCTS_DIR; };
		B5CFFACB0EC464D2009ADE56 /* iPhone Sample Application-Info.plist */ = {isa = PBXFileReference; lastKnownFileType = text.plist.xml; path = "iPhone Sample Application-Info.plist"; sourceTree = "<group>"; };
		B5CFFB4A0EC467DA009ADE56 /* iPhone-Sample-main.m */ = {isa = PBXFileReference; fileEncoding = 4; lastKnownFileType = sourcecode.c.objc; path = "iPhone-Sample-main.m"; sourceTree = "<group>"; };
		B5CFFBCB0EC46E20009ADE56 /* MainWindow.xib */ = {isa = PBXFileReference; lastKnownFileType = file.xib; name = MainWindow.xib; path = "iphone-xibs/MainWindow.xib"; sourceTree = "<group>"; };
		B5CFFBCC0EC46E20009ADE56 /* Synchronous.xib */ = {isa = PBXFileReference; lastKnownFileType = file.xib; name = Synchronous.xib; path = "iphone-xibs/Synchronous.xib"; sourceTree = "<group>"; };
		B5CFFBCD0EC46E20009ADE56 /* Queue.xib */ = {isa = PBXFileReference; lastKnownFileType = file.xib; name = Queue.xib; path = "iphone-xibs/Queue.xib"; sourceTree = "<group>"; };
		B5CFFBD10EC46E41009ADE56 /* iPhoneSampleAppDelegate.h */ = {isa = PBXFileReference; fileEncoding = 4; lastKnownFileType = sourcecode.c.h; path = iPhoneSampleAppDelegate.h; sourceTree = "<group>"; };
		B5CFFBD20EC46E41009ADE56 /* iPhoneSampleAppDelegate.m */ = {isa = PBXFileReference; fileEncoding = 4; lastKnownFileType = sourcecode.c.objc; path = iPhoneSampleAppDelegate.m; sourceTree = "<group>"; };
		B5CFFC110EC4710E009ADE56 /* iPhone-Sample-Application.pch */ = {isa = PBXFileReference; fileEncoding = 4; lastKnownFileType = sourcecode.c.h; path = "iPhone-Sample-Application.pch"; sourceTree = "<group>"; };
		B5F4C2380EC4742C00D4F31C /* SynchronousViewController.h */ = {isa = PBXFileReference; fileEncoding = 4; lastKnownFileType = sourcecode.c.h; path = SynchronousViewController.h; sourceTree = "<group>"; };
		B5F4C2390EC4742C00D4F31C /* SynchronousViewController.m */ = {isa = PBXFileReference; fileEncoding = 4; lastKnownFileType = sourcecode.c.objc; path = SynchronousViewController.m; sourceTree = "<group>"; };
		B5F4C2A10EC4768500D4F31C /* QueueViewController.h */ = {isa = PBXFileReference; fileEncoding = 4; lastKnownFileType = sourcecode.c.h; path = QueueViewController.h; sourceTree = "<group>"; };
		B5F4C2A20EC4768500D4F31C /* QueueViewController.m */ = {isa = PBXFileReference; fileEncoding = 4; lastKnownFileType = sourcecode.c.objc; path = QueueViewController.m; sourceTree = "<group>"; };
		B5F4C3C40EC47F6C00D4F31C /* iphone-icon.png */ = {isa = PBXFileReference; lastKnownFileType = image.png; path = "iphone-icon.png"; sourceTree = "<group>"; };
		B5F4C4360EC49EAB00D4F31C /* ASINetworkQueue.h */ = {isa = PBXFileReference; fileEncoding = 4; lastKnownFileType = sourcecode.c.h; path = ASINetworkQueue.h; sourceTree = "<group>"; };
		B5F4C4370EC49EAB00D4F31C /* ASINetworkQueue.m */ = {isa = PBXFileReference; fileEncoding = 4; lastKnownFileType = sourcecode.c.objc; path = ASINetworkQueue.m; sourceTree = "<group>"; };
/* End PBXFileReference section */

/* Begin PBXFrameworksBuildPhase section */
		8D11072E0486CEB800E47090 /* Frameworks */ = {
			isa = PBXFrameworksBuildPhase;
			buildActionMask = 2147483647;
			files = (
				8D11072F0486CEB800E47090 /* Cocoa.framework in Frameworks */,
			);
			runOnlyForDeploymentPostprocessing = 0;
		};
		B5731AE30E430AC30008024F /* Frameworks */ = {
			isa = PBXFrameworksBuildPhase;
			buildActionMask = 2147483647;
			files = (
				B5731BD00E4319940008024F /* Cocoa.framework in Frameworks */,
			);
			runOnlyForDeploymentPostprocessing = 0;
		};
		B5CFFAC70EC464D1009ADE56 /* Frameworks */ = {
			isa = PBXFrameworksBuildPhase;
			buildActionMask = 2147483647;
			files = (
			);
			runOnlyForDeploymentPostprocessing = 0;
		};
/* End PBXFrameworksBuildPhase section */

/* Begin PBXGroup section */
		080E96DDFE201D6D7F000001 /* Classes */ = {
			isa = PBXGroup;
			children = (
				B5F4C4360EC49EAB00D4F31C /* ASINetworkQueue.h */,
				B5F4C4370EC49EAB00D4F31C /* ASINetworkQueue.m */,
				B5B3BC460E62D4790071D39F /* NSHTTPCookieAdditions.h */,
				B5B3BC470E62D4790071D39F /* NSHTTPCookieAdditions.m */,
				B5CFFA3E0EC45D49009ADE56 /* ASIFormDataRequest.h */,
				B5CFFA3F0EC45D49009ADE56 /* ASIFormDataRequest.m */,
				B5ABC7BA0E24C5620072F422 /* ASIHTTPRequest.h */,
				B5ABC7B90E24C5620072F422 /* ASIHTTPRequest.m */,
			);
			name = Classes;
			sourceTree = "<group>";
		};
		1058C7A0FEA54F0111CA2CBB /* Linked Frameworks */ = {
			isa = PBXGroup;
			children = (
				B5731B620E430F430008024F /* SenTestingKit.framework */,
				1058C7A1FEA54F0111CA2CBB /* Cocoa.framework */,
			);
			name = "Linked Frameworks";
			sourceTree = "<group>";
		};
		1058C7A2FEA54F0111CA2CBB /* Other Frameworks */ = {
			isa = PBXGroup;
			children = (
				29B97324FDCFA39411CA2CEA /* AppKit.framework */,
				13E42FB307B3F0F600E4EEF1 /* CoreData.framework */,
				29B97325FDCFA39411CA2CEA /* Foundation.framework */,
			);
			name = "Other Frameworks";
			sourceTree = "<group>";
		};
		19C28FACFE9D520D11CA2CBB /* Products */ = {
			isa = PBXGroup;
			children = (
				8D1107320486CEB800E47090 /* asi-http-request.app */,
				B5731AE60E430AC30008024F /* Tests.octest */,
				B5CFFAC90EC464D2009ADE56 /* AHR Sample.app */,
			);
			name = Products;
			sourceTree = "<group>";
		};
		29B97314FDCFA39411CA2CEA /* asi-http-request */ = {
			isa = PBXGroup;
			children = (
				B5CFFBCA0EC46DF0009ADE56 /* Mac OS Sample */,
				B5CFFBC70EC46DDE009ADE56 /* iPhone Sample */,
				B5731AF70E430B020008024F /* Tests */,
				080E96DDFE201D6D7F000001 /* Classes */,
				29B97317FDCFA39411CA2CEA /* Resources */,
				29B97323FDCFA39411CA2CEA /* Frameworks */,
				19C28FACFE9D520D11CA2CBB /* Products */,
				B5731AE70E430AC30008024F /* Tests-Info.plist */,
				B5731BCF0E4319940008024F /* Cocoa.framework */,
				B5CFFACB0EC464D2009ADE56 /* iPhone Sample Application-Info.plist */,
			);
			name = "asi-http-request";
			sourceTree = "<group>";
		};
		29B97317FDCFA39411CA2CEA /* Resources */ = {
			isa = PBXGroup;
			children = (
				B5B0417F0EC5F2850089D01F /* MainMenu.xib */,
				B5F4C3C40EC47F6C00D4F31C /* iphone-icon.png */,
				B5CFFBCB0EC46E20009ADE56 /* MainWindow.xib */,
				B5CFFBCC0EC46E20009ADE56 /* Synchronous.xib */,
				B5CFFBCD0EC46E20009ADE56 /* Queue.xib */,
				8D1107310486CEB800E47090 /* Info.plist */,
				089C165CFE840E0CC02AAC07 /* InfoPlist.strings */,
			);
			name = Resources;
			sourceTree = "<group>";
		};
		29B97323FDCFA39411CA2CEA /* Frameworks */ = {
			isa = PBXGroup;
			children = (
				1058C7A0FEA54F0111CA2CBB /* Linked Frameworks */,
				1058C7A2FEA54F0111CA2CBB /* Other Frameworks */,
			);
			name = Frameworks;
			sourceTree = "<group>";
		};
		B5731AF70E430B020008024F /* Tests */ = {
			isa = PBXGroup;
			children = (
				B5B03F9A0EC5DEF80089D01F /* ASIFormDataRequestTests.h */,
				B5B03F9B0EC5DEF80089D01F /* ASIFormDataRequestTests.m */,
				B5B03DA50EC5D0930089D01F /* ASINetworkQueueTests.h */,
				B5B03DA60EC5D0930089D01F /* ASINetworkQueueTests.m */,
				B5731AFA0E430B1F0008024F /* ASIHTTPRequestTests.h */,
				B5731AFB0E430B1F0008024F /* ASIHTTPRequestTests.m */,
			);
			name = Tests;
			sourceTree = "<group>";
		};
		B5CFFBC70EC46DDE009ADE56 /* iPhone Sample */ = {
			isa = PBXGroup;
			children = (
				B5CFFBD10EC46E41009ADE56 /* iPhoneSampleAppDelegate.h */,
				B5CFFBD20EC46E41009ADE56 /* iPhoneSampleAppDelegate.m */,
				B5F4C2380EC4742C00D4F31C /* SynchronousViewController.h */,
				B5F4C2390EC4742C00D4F31C /* SynchronousViewController.m */,
				B5F4C2A10EC4768500D4F31C /* QueueViewController.h */,
				B5F4C2A20EC4768500D4F31C /* QueueViewController.m */,
				B5CFFC110EC4710E009ADE56 /* iPhone-Sample-Application.pch */,
				B5CFFB4A0EC467DA009ADE56 /* iPhone-Sample-main.m */,
			);
			name = "iPhone Sample";
			sourceTree = "<group>";
		};
		B5CFFBCA0EC46DF0009ADE56 /* Mac OS Sample */ = {
			isa = PBXGroup;
			children = (
				B5ABC80D0E24CB100072F422 /* AppDelegate.h */,
				B5ABC80E0E24CB100072F422 /* AppDelegate.m */,
				32CA4F630368D1EE00C91783 /* Mac-OS-Sample-Application.pch */,
				29B97316FDCFA39411CA2CEA /* Mac-OS-Sample-main.m */,
			);
			name = "Mac OS Sample";
			sourceTree = "<group>";
		};
/* End PBXGroup section */

/* Begin PBXNativeTarget section */
		8D1107260486CEB800E47090 /* Mac OS Sample Application */ = {
			isa = PBXNativeTarget;
			buildConfigurationList = C01FCF4A08A954540054247B /* Build configuration list for PBXNativeTarget "Mac OS Sample Application" */;
			buildPhases = (
				8D1107290486CEB800E47090 /* Resources */,
				8D11072C0486CEB800E47090 /* Sources */,
				8D11072E0486CEB800E47090 /* Frameworks */,
			);
			buildRules = (
			);
			dependencies = (
			);
			name = "Mac OS Sample Application";
			productInstallPath = "$(HOME)/Applications";
			productName = "asi-http-request";
			productReference = 8D1107320486CEB800E47090 /* asi-http-request.app */;
			productType = "com.apple.product-type.application";
		};
		B5731AE50E430AC30008024F /* Tests */ = {
			isa = PBXNativeTarget;
			buildConfigurationList = B5731AEA0E430AC40008024F /* Build configuration list for PBXNativeTarget "Tests" */;
			buildPhases = (
				B5731AE10E430AC30008024F /* Resources */,
				B5731AE20E430AC30008024F /* Sources */,
				B5731AE30E430AC30008024F /* Frameworks */,
				B5731AE40E430AC30008024F /* ShellScript */,
			);
			buildRules = (
			);
			dependencies = (
				B5731C2E0E431B210008024F /* PBXTargetDependency */,
			);
			name = Tests;
			productName = Tests;
			productReference = B5731AE60E430AC30008024F /* Tests.octest */;
			productType = "com.apple.product-type.bundle";
		};
		B5CFFAC80EC464D1009ADE56 /* iPhone Sample Application */ = {
			isa = PBXNativeTarget;
			buildConfigurationList = B5CFFACE0EC464D2009ADE56 /* Build configuration list for PBXNativeTarget "iPhone Sample Application" */;
			buildPhases = (
				B5CFFAC50EC464D1009ADE56 /* Resources */,
				B5CFFAC60EC464D1009ADE56 /* Sources */,
				B5CFFAC70EC464D1009ADE56 /* Frameworks */,
			);
			buildRules = (
			);
			dependencies = (
			);
			name = "iPhone Sample Application";
			productName = "iPhone Sample Application";
			productReference = B5CFFAC90EC464D2009ADE56 /* AHR Sample.app */;
			productType = "com.apple.product-type.application";
		};
/* End PBXNativeTarget section */

/* Begin PBXProject section */
		29B97313FDCFA39411CA2CEA /* Project object */ = {
			isa = PBXProject;
			buildConfigurationList = C01FCF4E08A954540054247B /* Build configuration list for PBXProject "asi-http-request" */;
			compatibilityVersion = "Xcode 3.1";
			hasScannedForEncodings = 1;
			mainGroup = 29B97314FDCFA39411CA2CEA /* asi-http-request */;
			projectDirPath = "";
			projectRoot = "";
			targets = (
				8D1107260486CEB800E47090 /* Mac OS Sample Application */,
				B5731AE50E430AC30008024F /* Tests */,
				B5CFFAC80EC464D1009ADE56 /* iPhone Sample Application */,
			);
		};
/* End PBXProject section */

/* Begin PBXResourcesBuildPhase section */
		8D1107290486CEB800E47090 /* Resources */ = {
			isa = PBXResourcesBuildPhase;
			buildActionMask = 2147483647;
			files = (
				8D11072B0486CEB800E47090 /* InfoPlist.strings in Resources */,
				B5B041810EC5F2850089D01F /* MainMenu.xib in Resources */,
			);
			runOnlyForDeploymentPostprocessing = 0;
		};
		B5731AE10E430AC30008024F /* Resources */ = {
			isa = PBXResourcesBuildPhase;
			buildActionMask = 2147483647;
			files = (
			);
			runOnlyForDeploymentPostprocessing = 0;
		};
		B5CFFAC50EC464D1009ADE56 /* Resources */ = {
			isa = PBXResourcesBuildPhase;
			buildActionMask = 2147483647;
			files = (
				B5CFFBCE0EC46E20009ADE56 /* MainWindow.xib in Resources */,
				B5CFFBCF0EC46E20009ADE56 /* Synchronous.xib in Resources */,
				B5CFFBD00EC46E20009ADE56 /* Queue.xib in Resources */,
				B5F4C3C50EC47F6C00D4F31C /* iphone-icon.png in Resources */,
			);
			runOnlyForDeploymentPostprocessing = 0;
		};
/* End PBXResourcesBuildPhase section */

/* Begin PBXShellScriptBuildPhase section */
		B5731AE40E430AC30008024F /* ShellScript */ = {
			isa = PBXShellScriptBuildPhase;
			buildActionMask = 2147483647;
			files = (
			);
			inputPaths = (
			);
			outputPaths = (
			);
			runOnlyForDeploymentPostprocessing = 0;
			shellPath = /bin/sh;
			shellScript = "# Run the unit tests in this test bundle.\n\"${SYSTEM_DEVELOPER_DIR}/Tools/RunUnitTests\"\n";
		};
/* End PBXShellScriptBuildPhase section */

/* Begin PBXSourcesBuildPhase section */
		8D11072C0486CEB800E47090 /* Sources */ = {
			isa = PBXSourcesBuildPhase;
			buildActionMask = 2147483647;
			files = (
				8D11072D0486CEB800E47090 /* Mac-OS-Sample-main.m in Sources */,
				B5ABC7BB0E24C5620072F422 /* ASIHTTPRequest.m in Sources */,
				B5ABC80F0E24CB100072F422 /* AppDelegate.m in Sources */,
				B5B3BC480E62D4790071D39F /* NSHTTPCookieAdditions.m in Sources */,
				B5CFFA400EC45D49009ADE56 /* ASIFormDataRequest.m in Sources */,
				B5F4C4380EC49EAB00D4F31C /* ASINetworkQueue.m in Sources */,
			);
			runOnlyForDeploymentPostprocessing = 0;
		};
		B5731AE20E430AC30008024F /* Sources */ = {
			isa = PBXSourcesBuildPhase;
			buildActionMask = 2147483647;
			files = (
				B5731C300E431B340008024F /* ASIHTTPRequestTests.m in Sources */,
				B5F4C3470EC47B0400D4F31C /* ASIHTTPRequest.m in Sources */,
				B5F4C3490EC47B1700D4F31C /* NSHTTPCookieAdditions.m in Sources */,
				B5B03D520EC5C0330089D01F /* ASINetworkQueue.m in Sources */,
				B5B03DA70EC5D0930089D01F /* ASINetworkQueueTests.m in Sources */,
				B5B03F130EC5DB0E0089D01F /* ASIFormDataRequest.m in Sources */,
				B5B03F9C0EC5DEF80089D01F /* ASIFormDataRequestTests.m in Sources */,
			);
			runOnlyForDeploymentPostprocessing = 0;
		};
		B5CFFAC60EC464D1009ADE56 /* Sources */ = {
			isa = PBXSourcesBuildPhase;
			buildActionMask = 2147483647;
			files = (
				B5CFFADB0EC4650A009ADE56 /* NSHTTPCookieAdditions.m in Sources */,
				B5CFFADC0EC46516009ADE56 /* ASIFormDataRequest.m in Sources */,
				B5CFFADD0EC4651B009ADE56 /* ASIHTTPRequest.m in Sources */,
				B5CFFB4B0EC467DA009ADE56 /* iPhone-Sample-main.m in Sources */,
				B5CFFBD30EC46E41009ADE56 /* iPhoneSampleAppDelegate.m in Sources */,
				B5F4C23A0EC4742C00D4F31C /* SynchronousViewController.m in Sources */,
				B5F4C2A30EC4768500D4F31C /* QueueViewController.m in Sources */,
				B5F4C7140EC4C9DE00D4F31C /* ASINetworkQueue.m in Sources */,
			);
			runOnlyForDeploymentPostprocessing = 0;
		};
/* End PBXSourcesBuildPhase section */

/* Begin PBXTargetDependency section */
		B5731C2E0E431B210008024F /* PBXTargetDependency */ = {
			isa = PBXTargetDependency;
			target = 8D1107260486CEB800E47090 /* Mac OS Sample Application */;
			targetProxy = B5731C2D0E431B210008024F /* PBXContainerItemProxy */;
		};
/* End PBXTargetDependency section */

/* Begin PBXVariantGroup section */
		089C165CFE840E0CC02AAC07 /* InfoPlist.strings */ = {
			isa = PBXVariantGroup;
			children = (
				089C165DFE840E0CC02AAC07 /* English */,
			);
			name = InfoPlist.strings;
			sourceTree = "<group>";
		};
		B5B0417F0EC5F2850089D01F /* MainMenu.xib */ = {
			isa = PBXVariantGroup;
			children = (
				B5B041800EC5F2850089D01F /* English */,
			);
			name = MainMenu.xib;
			sourceTree = "<group>";
		};
/* End PBXVariantGroup section */

/* Begin XCBuildConfiguration section */
		B5731AE80E430AC40008024F /* Debug */ = {
			isa = XCBuildConfiguration;
			buildSettings = {
				ALWAYS_SEARCH_USER_PATHS = NO;
				COPY_PHASE_STRIP = NO;
				FRAMEWORK_SEARCH_PATHS = "$(DEVELOPER_LIBRARY_DIR)/Frameworks";
				GCC_DYNAMIC_NO_PIC = NO;
				GCC_ENABLE_FIX_AND_CONTINUE = NO;
				GCC_ENABLE_OBJC_EXCEPTIONS = YES;
				GCC_MODEL_TUNING = G5;
				GCC_OPTIMIZATION_LEVEL = 0;
				GCC_PRECOMPILE_PREFIX_HEADER = YES;
				GCC_PREFIX_HEADER = "$(SYSTEM_LIBRARY_DIR)/Frameworks/Cocoa.framework/Headers/Cocoa.h";
				INFOPLIST_FILE = "Tests-Info.plist";
				INSTALL_PATH = "$(USER_LIBRARY_DIR)/Bundles";
				OTHER_LDFLAGS = (
					"-framework",
					Cocoa,
					"-framework",
					SenTestingKit,
				);
				PREBINDING = NO;
				PRODUCT_NAME = Tests;
				TEST_HOST = "";
				WRAPPER_EXTENSION = octest;
			};
			name = Debug;
		};
		B5731AE90E430AC40008024F /* Release */ = {
			isa = XCBuildConfiguration;
			buildSettings = {
				ALWAYS_SEARCH_USER_PATHS = NO;
				COPY_PHASE_STRIP = YES;
				DEBUG_INFORMATION_FORMAT = "dwarf-with-dsym";
				FRAMEWORK_SEARCH_PATHS = "$(DEVELOPER_LIBRARY_DIR)/Frameworks";
				GCC_ENABLE_FIX_AND_CONTINUE = NO;
				GCC_ENABLE_OBJC_EXCEPTIONS = YES;
				GCC_MODEL_TUNING = G5;
				GCC_PRECOMPILE_PREFIX_HEADER = YES;
				GCC_PREFIX_HEADER = "$(SYSTEM_LIBRARY_DIR)/Frameworks/Cocoa.framework/Headers/Cocoa.h";
				INFOPLIST_FILE = "Tests-Info.plist";
				INSTALL_PATH = "$(USER_LIBRARY_DIR)/Bundles";
				OTHER_LDFLAGS = (
					"-framework",
					Cocoa,
					"-framework",
					SenTestingKit,
				);
				PREBINDING = NO;
				PRODUCT_NAME = Tests;
				TEST_HOST = "";
				WRAPPER_EXTENSION = octest;
				ZERO_LINK = NO;
			};
			name = Release;
		};
		B5CFFACC0EC464D2009ADE56 /* Debug */ = {
			isa = XCBuildConfiguration;
			buildSettings = {
				ALWAYS_SEARCH_USER_PATHS = NO;
				ARCHS = "$(ARCHS_STANDARD_32_BIT)";
				CODE_SIGN_IDENTITY = "";
				COPY_PHASE_STRIP = NO;
				GCC_DYNAMIC_NO_PIC = NO;
				GCC_OPTIMIZATION_LEVEL = 0;
				GCC_PRECOMPILE_PREFIX_HEADER = YES;
				GCC_PREFIX_HEADER = "iPhone-Sample-Application.pch";
				INFOPLIST_FILE = "iPhone Sample Application-Info.plist";
				INSTALL_PATH = "$(HOME)/Applications";
				OTHER_LDFLAGS = (
					"-framework",
					Foundation,
					"-framework",
					UIKIT,
					"-framework",
					CFNetwork,
				);
				PREBINDING = NO;
				PRODUCT_NAME = "AHR Sample";
				SDKROOT = iphonesimulator2.1;
			};
			name = Debug;
		};
		B5CFFACD0EC464D2009ADE56 /* Release */ = {
			isa = XCBuildConfiguration;
			buildSettings = {
				ALWAYS_SEARCH_USER_PATHS = NO;
				ARCHS = "$(ARCHS_STANDARD_32_BIT)";
				CODE_SIGN_IDENTITY = "";
				COPY_PHASE_STRIP = YES;
				DEBUG_INFORMATION_FORMAT = "dwarf-with-dsym";
				GCC_ENABLE_FIX_AND_CONTINUE = NO;
				GCC_PRECOMPILE_PREFIX_HEADER = YES;
				GCC_PREFIX_HEADER = "iPhone-Sample-Application.pch";
				INFOPLIST_FILE = "iPhone Sample Application-Info.plist";
				INSTALL_PATH = "$(HOME)/Applications";
				OTHER_LDFLAGS = (
					"-framework",
					Foundation,
					"-framework",
					UIKIT,
					"-framework",
					CFNetwork,
				);
				PREBINDING = NO;
				PRODUCT_NAME = "AHR Sample";
				SDKROOT = iphonesimulator2.1;
				ZERO_LINK = NO;
			};
			name = Release;
		};
		C01FCF4B08A954540054247B /* Debug */ = {
			isa = XCBuildConfiguration;
			buildSettings = {
				COPY_PHASE_STRIP = NO;
				GCC_DYNAMIC_NO_PIC = NO;
				GCC_ENABLE_FIX_AND_CONTINUE = YES;
				GCC_MODEL_TUNING = G5;
				GCC_OPTIMIZATION_LEVEL = 0;
				GCC_PRECOMPILE_PREFIX_HEADER = YES;
				GCC_PREFIX_HEADER = "Mac-OS-Sample-Application.pch";
				INFOPLIST_FILE = Info.plist;
				INSTALL_PATH = "$(HOME)/Applications";
				PRODUCT_NAME = "asi-http-request";
				WRAPPER_EXTENSION = app;
				ZERO_LINK = YES;
			};
			name = Debug;
		};
		C01FCF4C08A954540054247B /* Release */ = {
			isa = XCBuildConfiguration;
			buildSettings = {
				DEBUG_INFORMATION_FORMAT = "dwarf-with-dsym";
				GCC_MODEL_TUNING = G5;
				GCC_PRECOMPILE_PREFIX_HEADER = YES;
				GCC_PREFIX_HEADER = "Mac-OS-Sample-Application.pch";
				INFOPLIST_FILE = Info.plist;
				INSTALL_PATH = "$(HOME)/Applications";
				PRODUCT_NAME = "asi-http-request";
				WRAPPER_EXTENSION = app;
			};
			name = Release;
		};
		C01FCF4F08A954540054247B /* Debug */ = {
			isa = XCBuildConfiguration;
			buildSettings = {
				GCC_WARN_ABOUT_RETURN_TYPE = YES;
				GCC_WARN_UNUSED_VARIABLE = YES;
				PREBINDING = NO;
				SDKROOT = macosx10.5;
			};
			name = Debug;
		};
		C01FCF5008A954540054247B /* Release */ = {
			isa = XCBuildConfiguration;
			buildSettings = {
				ARCHS = (
					ppc,
					i386,
				);
				GCC_WARN_ABOUT_RETURN_TYPE = YES;
				GCC_WARN_UNUSED_VARIABLE = YES;
				PREBINDING = NO;
				SDKROOT = macosx10.5;
			};
			name = Release;
		};
/* End XCBuildConfiguration section */

/* Begin XCConfigurationList section */
		B5731AEA0E430AC40008024F /* Build configuration list for PBXNativeTarget "Tests" */ = {
			isa = XCConfigurationList;
			buildConfigurations = (
				B5731AE80E430AC40008024F /* Debug */,
				B5731AE90E430AC40008024F /* Release */,
			);
			defaultConfigurationIsVisible = 0;
			defaultConfigurationName = Release;
		};
		B5CFFACE0EC464D2009ADE56 /* Build configuration list for PBXNativeTarget "iPhone Sample Application" */ = {
			isa = XCConfigurationList;
			buildConfigurations = (
				B5CFFACC0EC464D2009ADE56 /* Debug */,
				B5CFFACD0EC464D2009ADE56 /* Release */,
			);
			defaultConfigurationIsVisible = 0;
			defaultConfigurationName = Release;
		};
		C01FCF4A08A954540054247B /* Build configuration list for PBXNativeTarget "Mac OS Sample Application" */ = {
			isa = XCConfigurationList;
			buildConfigurations = (
				C01FCF4B08A954540054247B /* Debug */,
				C01FCF4C08A954540054247B /* Release */,
			);
			defaultConfigurationIsVisible = 0;
			defaultConfigurationName = Release;
		};
		C01FCF4E08A954540054247B /* Build configuration list for PBXProject "asi-http-request" */ = {
			isa = XCConfigurationList;
			buildConfigurations = (
				C01FCF4F08A954540054247B /* Debug */,
				C01FCF5008A954540054247B /* Release */,
			);
			defaultConfigurationIsVisible = 0;
			defaultConfigurationName = Release;
		};
/* End XCConfigurationList section */
	};
	rootObject = 29B97313FDCFA39411CA2CEA /* Project object */;
}
