// !$*UTF8*$!
{
	archiveVersion = 1;
	classes = {
	};
	objectVersion = 46;
	objects = {

/* Begin PBXBuildFile section */
		AD01F5A319A1AED6002BF864 /* error.png in Resources */ = {isa = PBXBuildFile; fileRef = AD01F59D19A1AED6002BF864 /* error.png */; };
		AD01F5A419A1AED6002BF864 /* error@2x.png in Resources */ = {isa = PBXBuildFile; fileRef = AD01F59E19A1AED6002BF864 /* error@2x.png */; };
		AD01F5A519A1AED6002BF864 /* MBProgressHUD.m in Sources */ = {isa = PBXBuildFile; fileRef = AD01F5A019A1AED6002BF864 /* MBProgressHUD.m */; };
		AD01F5A619A1AED6002BF864 /* success.png in Resources */ = {isa = PBXBuildFile; fileRef = AD01F5A119A1AED6002BF864 /* success.png */; };
		AD01F5A719A1AED6002BF864 /* success@2x.png in Resources */ = {isa = PBXBuildFile; fileRef = AD01F5A219A1AED6002BF864 /* success@2x.png */; };
		AD01F5A919A1B6DC002BF864 /* test.png in Resources */ = {isa = PBXBuildFile; fileRef = AD01F5A819A1B6DC002BF864 /* test.png */; };
		AD01F65619A1F8C0002BF864 /* ASIKit.framework in Frameworks */ = {isa = PBXBuildFile; fileRef = AD01F65519A1F8C0002BF864 /* ASIKit.framework */; };
		ADE180B0199C9997001FCD06 /* Foundation.framework in Frameworks */ = {isa = PBXBuildFile; fileRef = ADE180AF199C9997001FCD06 /* Foundation.framework */; };
		ADE180B2199C9997001FCD06 /* CoreGraphics.framework in Frameworks */ = {isa = PBXBuildFile; fileRef = ADE180B1199C9997001FCD06 /* CoreGraphics.framework */; };
		ADE180B4199C9997001FCD06 /* UIKit.framework in Frameworks */ = {isa = PBXBuildFile; fileRef = ADE180B3199C9997001FCD06 /* UIKit.framework */; };
		ADE180BA199C9997001FCD06 /* InfoPlist.strings in Resources */ = {isa = PBXBuildFile; fileRef = ADE180B8199C9997001FCD06 /* InfoPlist.strings */; };
		ADE180BC199C9997001FCD06 /* main.m in Sources */ = {isa = PBXBuildFile; fileRef = ADE180BB199C9997001FCD06 /* main.m */; };
		ADE180C0199C9997001FCD06 /* AppDelegate.m in Sources */ = {isa = PBXBuildFile; fileRef = ADE180BF199C9997001FCD06 /* AppDelegate.m */; };
		ADE180C2199C9997001FCD06 /* Images.xcassets in Resources */ = {isa = PBXBuildFile; fileRef = ADE180C1199C9997001FCD06 /* Images.xcassets */; };
		ADE180E2199C9A37001FCD06 /* libxml2.dylib in Frameworks */ = {isa = PBXBuildFile; fileRef = ADE180E1199C9A37001FCD06 /* libxml2.dylib */; };
		ADE180E4199C9A41001FCD06 /* libz.dylib in Frameworks */ = {isa = PBXBuildFile; fileRef = ADE180E3199C9A41001FCD06 /* libz.dylib */; };
		ADE180E6199C9A4C001FCD06 /* SystemConfiguration.framework in Frameworks */ = {isa = PBXBuildFile; fileRef = ADE180E5199C9A4C001FCD06 /* SystemConfiguration.framework */; };
		ADE180E8199C9A57001FCD06 /* MobileCoreServices.framework in Frameworks */ = {isa = PBXBuildFile; fileRef = ADE180E7199C9A57001FCD06 /* MobileCoreServices.framework */; };
		ADE180EA199C9A64001FCD06 /* CFNetwork.framework in Frameworks */ = {isa = PBXBuildFile; fileRef = ADE180E9199C9A64001FCD06 /* CFNetwork.framework */; };
		ADE180EC199C9A71001FCD06 /* CoreFoundation.framework in Frameworks */ = {isa = PBXBuildFile; fileRef = ADE180EB199C9A71001FCD06 /* CoreFoundation.framework */; };
		ADE180F2199CA4C3001FCD06 /* RootViewController.m in Sources */ = {isa = PBXBuildFile; fileRef = ADE180F1199CA4C3001FCD06 /* RootViewController.m */; };
/* End PBXBuildFile section */

/* Begin PBXContainerItemProxy section */
		AD01F64919A1F600002BF864 /* PBXContainerItemProxy */ = {
			isa = PBXContainerItemProxy;
			containerPortal = AD01F64119A1F5FF002BF864 /* iPhone.xcodeproj */;
			proxyType = 2;
			remoteGlobalIDString = 1D6058910D05DD3D006BFB54;
			remoteInfo = iPhone;
		};
		AD01F64B19A1F600002BF864 /* PBXContainerItemProxy */ = {
			isa = PBXContainerItemProxy;
			containerPortal = AD01F64119A1F5FF002BF864 /* iPhone.xcodeproj */;
			proxyType = 2;
			remoteGlobalIDString = B55B60C70F765BB00064029C;
			remoteInfo = Tests;
		};
		AD01F64D19A1F600002BF864 /* PBXContainerItemProxy */ = {
			isa = PBXContainerItemProxy;
			containerPortal = AD01F64119A1F5FF002BF864 /* iPhone.xcodeproj */;
			proxyType = 2;
			remoteGlobalIDString = B576D72311C7F34D0059B815;
			remoteInfo = iPad;
		};
		AD01F64F19A1F600002BF864 /* PBXContainerItemProxy */ = {
			isa = PBXContainerItemProxy;
			containerPortal = AD01F64119A1F5FF002BF864 /* iPhone.xcodeproj */;
			proxyType = 2;
			remoteGlobalIDString = AD9C704A192DDA5600B6416E;
			remoteInfo = "ASIKit-iOS";
		};
		AD01F65119A1F625002BF864 /* PBXContainerItemProxy */ = {
			isa = PBXContainerItemProxy;
			containerPortal = AD01F64119A1F5FF002BF864 /* iPhone.xcodeproj */;
			proxyType = 1;
			remoteGlobalIDString = AD9C70AB192DFFCA00B6416E;
			remoteInfo = ASIKit;
		};
/* End PBXContainerItemProxy section */

/* Begin PBXFileReference section */
		AD01F59D19A1AED6002BF864 /* error.png */ = {isa = PBXFileReference; lastKnownFileType = image.png; path = error.png; sourceTree = "<group>"; };
		AD01F59E19A1AED6002BF864 /* error@2x.png */ = {isa = PBXFileReference; lastKnownFileType = image.png; path = "error@2x.png"; sourceTree = "<group>"; };
		AD01F59F19A1AED6002BF864 /* MBProgressHUD.h */ = {isa = PBXFileReference; fileEncoding = 4; lastKnownFileType = sourcecode.c.h; path = MBProgressHUD.h; sourceTree = "<group>"; };
		AD01F5A019A1AED6002BF864 /* MBProgressHUD.m */ = {isa = PBXFileReference; fileEncoding = 4; lastKnownFileType = sourcecode.c.objc; path = MBProgressHUD.m; sourceTree = "<group>"; };
		AD01F5A119A1AED6002BF864 /* success.png */ = {isa = PBXFileReference; lastKnownFileType = image.png; path = success.png; sourceTree = "<group>"; };
		AD01F5A219A1AED6002BF864 /* success@2x.png */ = {isa = PBXFileReference; lastKnownFileType = image.png; path = "success@2x.png"; sourceTree = "<group>"; };
		AD01F5A819A1B6DC002BF864 /* test.png */ = {isa = PBXFileReference; lastKnownFileType = image.png; path = test.png; sourceTree = "<group>"; };
		AD01F64119A1F5FF002BF864 /* iPhone.xcodeproj */ = {isa = PBXFileReference; lastKnownFileType = "wrapper.pb-project"; path = iPhone.xcodeproj; sourceTree = "<group>"; };
		AD01F65519A1F8C0002BF864 /* ASIKit.framework */ = {isa = PBXFileReference; lastKnownFileType = wrapper.framework; name = ASIKit.framework; path = Products/ASIKit.framework; sourceTree = "<group>"; };
		ADE180AC199C9997001FCD06 /* SCS-iOS-Demo.app */ = {isa = PBXFileReference; explicitFileType = wrapper.application; includeInIndex = 0; path = "SCS-iOS-Demo.app"; sourceTree = BUILT_PRODUCTS_DIR; };
		ADE180AF199C9997001FCD06 /* Foundation.framework */ = {isa = PBXFileReference; lastKnownFileType = wrapper.framework; name = Foundation.framework; path = System/Library/Frameworks/Foundation.framework; sourceTree = SDKROOT; };
		ADE180B1199C9997001FCD06 /* CoreGraphics.framework */ = {isa = PBXFileReference; lastKnownFileType = wrapper.framework; name = CoreGraphics.framework; path = System/Library/Frameworks/CoreGraphics.framework; sourceTree = SDKROOT; };
		ADE180B3199C9997001FCD06 /* UIKit.framework */ = {isa = PBXFileReference; lastKnownFileType = wrapper.framework; name = UIKit.framework; path = System/Library/Frameworks/UIKit.framework; sourceTree = SDKROOT; };
		ADE180B7199C9997001FCD06 /* SCS-iOS-Demo-Info.plist */ = {isa = PBXFileReference; lastKnownFileType = text.plist.xml; path = "SCS-iOS-Demo-Info.plist"; sourceTree = "<group>"; };
		ADE180B9199C9997001FCD06 /* en */ = {isa = PBXFileReference; lastKnownFileType = text.plist.strings; name = en; path = en.lproj/InfoPlist.strings; sourceTree = "<group>"; };
		ADE180BB199C9997001FCD06 /* main.m */ = {isa = PBXFileReference; lastKnownFileType = sourcecode.c.objc; path = main.m; sourceTree = "<group>"; };
		ADE180BD199C9997001FCD06 /* SCS-iOS-Demo-Prefix.pch */ = {isa = PBXFileReference; lastKnownFileType = sourcecode.c.h; path = "SCS-iOS-Demo-Prefix.pch"; sourceTree = "<group>"; };
		ADE180BE199C9997001FCD06 /* AppDelegate.h */ = {isa = PBXFileReference; lastKnownFileType = sourcecode.c.h; path = AppDelegate.h; sourceTree = "<group>"; };
		ADE180BF199C9997001FCD06 /* AppDelegate.m */ = {isa = PBXFileReference; lastKnownFileType = sourcecode.c.objc; path = AppDelegate.m; sourceTree = "<group>"; };
		ADE180C1199C9997001FCD06 /* Images.xcassets */ = {isa = PBXFileReference; lastKnownFileType = folder.assetcatalog; path = Images.xcassets; sourceTree = "<group>"; };
		ADE180C8199C9997001FCD06 /* XCTest.framework */ = {isa = PBXFileReference; lastKnownFileType = wrapper.framework; name = XCTest.framework; path = Library/Frameworks/XCTest.framework; sourceTree = DEVELOPER_DIR; };
		ADE180E1199C9A37001FCD06 /* libxml2.dylib */ = {isa = PBXFileReference; lastKnownFileType = "compiled.mach-o.dylib"; name = libxml2.dylib; path = usr/lib/libxml2.dylib; sourceTree = SDKROOT; };
		ADE180E3199C9A41001FCD06 /* libz.dylib */ = {isa = PBXFileReference; lastKnownFileType = "compiled.mach-o.dylib"; name = libz.dylib; path = usr/lib/libz.dylib; sourceTree = SDKROOT; };
		ADE180E5199C9A4C001FCD06 /* SystemConfiguration.framework */ = {isa = PBXFileReference; lastKnownFileType = wrapper.framework; name = SystemConfiguration.framework; path = System/Library/Frameworks/SystemConfiguration.framework; sourceTree = SDKROOT; };
		ADE180E7199C9A57001FCD06 /* MobileCoreServices.framework */ = {isa = PBXFileReference; lastKnownFileType = wrapper.framework; name = MobileCoreServices.framework; path = System/Library/Frameworks/MobileCoreServices.framework; sourceTree = SDKROOT; };
		ADE180E9199C9A64001FCD06 /* CFNetwork.framework */ = {isa = PBXFileReference; lastKnownFileType = wrapper.framework; name = CFNetwork.framework; path = System/Library/Frameworks/CFNetwork.framework; sourceTree = SDKROOT; };
		ADE180EB199C9A71001FCD06 /* CoreFoundation.framework */ = {isa = PBXFileReference; lastKnownFileType = wrapper.framework; name = CoreFoundation.framework; path = System/Library/Frameworks/CoreFoundation.framework; sourceTree = SDKROOT; };
		ADE180F0199CA4C3001FCD06 /* RootViewController.h */ = {isa = PBXFileReference; fileEncoding = 4; lastKnownFileType = sourcecode.c.h; path = RootViewController.h; sourceTree = "<group>"; };
		ADE180F1199CA4C3001FCD06 /* RootViewController.m */ = {isa = PBXFileReference; fileEncoding = 4; lastKnownFileType = sourcecode.c.objc; path = RootViewController.m; sourceTree = "<group>"; };
/* End PBXFileReference section */

/* Begin PBXFrameworksBuildPhase section */
		ADE180A9199C9997001FCD06 /* Frameworks */ = {
			isa = PBXFrameworksBuildPhase;
			buildActionMask = 2147483647;
			files = (
				AD01F65619A1F8C0002BF864 /* ASIKit.framework in Frameworks */,
				ADE180EC199C9A71001FCD06 /* CoreFoundation.framework in Frameworks */,
				ADE180EA199C9A64001FCD06 /* CFNetwork.framework in Frameworks */,
				ADE180E8199C9A57001FCD06 /* MobileCoreServices.framework in Frameworks */,
				ADE180E6199C9A4C001FCD06 /* SystemConfiguration.framework in Frameworks */,
				ADE180E4199C9A41001FCD06 /* libz.dylib in Frameworks */,
				ADE180E2199C9A37001FCD06 /* libxml2.dylib in Frameworks */,
				ADE180B2199C9997001FCD06 /* CoreGraphics.framework in Frameworks */,
				ADE180B4199C9997001FCD06 /* UIKit.framework in Frameworks */,
				ADE180B0199C9997001FCD06 /* Foundation.framework in Frameworks */,
			);
			runOnlyForDeploymentPostprocessing = 0;
		};
/* End PBXFrameworksBuildPhase section */

/* Begin PBXGroup section */
		AD01F59C19A1AED6002BF864 /* MBProgressHUD */ = {
			isa = PBXGroup;
			children = (
				AD01F59D19A1AED6002BF864 /* error.png */,
				AD01F59E19A1AED6002BF864 /* error@2x.png */,
				AD01F59F19A1AED6002BF864 /* MBProgressHUD.h */,
				AD01F5A019A1AED6002BF864 /* MBProgressHUD.m */,
				AD01F5A119A1AED6002BF864 /* success.png */,
				AD01F5A219A1AED6002BF864 /* success@2x.png */,
			);
			path = MBProgressHUD;
			sourceTree = "<group>";
		};
		AD01F64219A1F5FF002BF864 /* Products */ = {
			isa = PBXGroup;
			children = (
				AD01F64A19A1F600002BF864 /* ASIHTTPRequest iPhone.app */,
				AD01F64C19A1F600002BF864 /* Tests.app */,
				AD01F64E19A1F600002BF864 /* ASIHTTPRequest iPad.app */,
				AD01F65019A1F600002BF864 /* ASIKit-iOS.framework */,
			);
			name = Products;
			sourceTree = "<group>";
		};
		ADE180A3199C9997001FCD06 = {
			isa = PBXGroup;
			children = (
				AD01F64119A1F5FF002BF864 /* iPhone.xcodeproj */,
				ADE180B5199C9997001FCD06 /* SCS-iOS-Demo */,
				ADE180AE199C9997001FCD06 /* Frameworks */,
				ADE180AD199C9997001FCD06 /* Products */,
			);
			sourceTree = "<group>";
		};
		ADE180AD199C9997001FCD06 /* Products */ = {
			isa = PBXGroup;
			children = (
				ADE180AC199C9997001FCD06 /* SCS-iOS-Demo.app */,
			);
			name = Products;
			sourceTree = "<group>";
		};
		ADE180AE199C9997001FCD06 /* Frameworks */ = {
			isa = PBXGroup;
			children = (
				AD01F65519A1F8C0002BF864 /* ASIKit.framework */,
				ADE180EB199C9A71001FCD06 /* CoreFoundation.framework */,
				ADE180E9199C9A64001FCD06 /* CFNetwork.framework */,
				ADE180E7199C9A57001FCD06 /* MobileCoreServices.framework */,
				ADE180E5199C9A4C001FCD06 /* SystemConfiguration.framework */,
				ADE180E3199C9A41001FCD06 /* libz.dylib */,
				ADE180E1199C9A37001FCD06 /* libxml2.dylib */,
				ADE180AF199C9997001FCD06 /* Foundation.framework */,
				ADE180B1199C9997001FCD06 /* CoreGraphics.framework */,
				ADE180B3199C9997001FCD06 /* UIKit.framework */,
				ADE180C8199C9997001FCD06 /* XCTest.framework */,
			);
			name = Frameworks;
			sourceTree = "<group>";
		};
		ADE180B5199C9997001FCD06 /* SCS-iOS-Demo */ = {
			isa = PBXGroup;
			children = (
				AD01F59C19A1AED6002BF864 /* MBProgressHUD */,
				ADE180BE199C9997001FCD06 /* AppDelegate.h */,
				ADE180BF199C9997001FCD06 /* AppDelegate.m */,
				ADE180F0199CA4C3001FCD06 /* RootViewController.h */,
				ADE180F1199CA4C3001FCD06 /* RootViewController.m */,
				ADE180B6199C9997001FCD06 /* Supporting Files */,
			);
			path = "SCS-iOS-Demo";
			sourceTree = "<group>";
		};
		ADE180B6199C9997001FCD06 /* Supporting Files */ = {
			isa = PBXGroup;
			children = (
				AD01F5A819A1B6DC002BF864 /* test.png */,
				ADE180C1199C9997001FCD06 /* Images.xcassets */,
				ADE180B7199C9997001FCD06 /* SCS-iOS-Demo-Info.plist */,
				ADE180B8199C9997001FCD06 /* InfoPlist.strings */,
				ADE180BB199C9997001FCD06 /* main.m */,
				ADE180BD199C9997001FCD06 /* SCS-iOS-Demo-Prefix.pch */,
			);
			name = "Supporting Files";
			sourceTree = "<group>";
		};
/* End PBXGroup section */

/* Begin PBXNativeTarget section */
		ADE180AB199C9997001FCD06 /* SCS-iOS-Demo */ = {
			isa = PBXNativeTarget;
			buildConfigurationList = ADE180D8199C9997001FCD06 /* Build configuration list for PBXNativeTarget "SCS-iOS-Demo" */;
			buildPhases = (
				ADE180A8199C9997001FCD06 /* Sources */,
				ADE180A9199C9997001FCD06 /* Frameworks */,
				ADE180AA199C9997001FCD06 /* Resources */,
				ADE180DE199C99C9001FCD06 /* ShellScript */,
			);
			buildRules = (
			);
			dependencies = (
				AD01F65219A1F625002BF864 /* PBXTargetDependency */,
			);
			name = "SCS-iOS-Demo";
			productName = "SCS-iOS-Demo";
			productReference = ADE180AC199C9997001FCD06 /* SCS-iOS-Demo.app */;
			productType = "com.apple.product-type.application";
		};
/* End PBXNativeTarget section */

/* Begin PBXProject section */
		ADE180A4199C9997001FCD06 /* Project object */ = {
			isa = PBXProject;
			attributes = {
				LastUpgradeCheck = 0510;
				ORGANIZATIONNAME = Littlebox222;
			};
			buildConfigurationList = ADE180A7199C9997001FCD06 /* Build configuration list for PBXProject "SCS-iOS-Demo" */;
			compatibilityVersion = "Xcode 3.2";
			developmentRegion = English;
			hasScannedForEncodings = 0;
			knownRegions = (
				en,
			);
			mainGroup = ADE180A3199C9997001FCD06;
			productRefGroup = ADE180AD199C9997001FCD06 /* Products */;
			projectDirPath = "";
			projectReferences = (
				{
					ProductGroup = AD01F64219A1F5FF002BF864 /* Products */;
					ProjectRef = AD01F64119A1F5FF002BF864 /* iPhone.xcodeproj */;
				},
			);
			projectRoot = "";
			targets = (
				ADE180AB199C9997001FCD06 /* SCS-iOS-Demo */,
			);
		};
/* End PBXProject section */

/* Begin PBXReferenceProxy section */
		AD01F64A19A1F600002BF864 /* ASIHTTPRequest iPhone.app */ = {
			isa = PBXReferenceProxy;
			fileType = wrapper.application;
			path = "ASIHTTPRequest iPhone.app";
			remoteRef = AD01F64919A1F600002BF864 /* PBXContainerItemProxy */;
			sourceTree = BUILT_PRODUCTS_DIR;
		};
		AD01F64C19A1F600002BF864 /* Tests.app */ = {
			isa = PBXReferenceProxy;
			fileType = wrapper.application;
			path = Tests.app;
			remoteRef = AD01F64B19A1F600002BF864 /* PBXContainerItemProxy */;
			sourceTree = BUILT_PRODUCTS_DIR;
		};
		AD01F64E19A1F600002BF864 /* ASIHTTPRequest iPad.app */ = {
			isa = PBXReferenceProxy;
			fileType = wrapper.application;
			path = "ASIHTTPRequest iPad.app";
			remoteRef = AD01F64D19A1F600002BF864 /* PBXContainerItemProxy */;
			sourceTree = BUILT_PRODUCTS_DIR;
		};
		AD01F65019A1F600002BF864 /* ASIKit-iOS.framework */ = {
			isa = PBXReferenceProxy;
			fileType = wrapper.cfbundle;
			path = "ASIKit-iOS.framework";
			remoteRef = AD01F64F19A1F600002BF864 /* PBXContainerItemProxy */;
			sourceTree = BUILT_PRODUCTS_DIR;
		};
/* End PBXReferenceProxy section */

/* Begin PBXResourcesBuildPhase section */
		ADE180AA199C9997001FCD06 /* Resources */ = {
			isa = PBXResourcesBuildPhase;
			buildActionMask = 2147483647;
			files = (
				ADE180BA199C9997001FCD06 /* InfoPlist.strings in Resources */,
				ADE180C2199C9997001FCD06 /* Images.xcassets in Resources */,
				AD01F5A919A1B6DC002BF864 /* test.png in Resources */,
				AD01F5A719A1AED6002BF864 /* success@2x.png in Resources */,
				AD01F5A619A1AED6002BF864 /* success.png in Resources */,
				AD01F5A319A1AED6002BF864 /* error.png in Resources */,
				AD01F5A419A1AED6002BF864 /* error@2x.png in Resources */,
			);
			runOnlyForDeploymentPostprocessing = 0;
		};
/* End PBXResourcesBuildPhase section */

/* Begin PBXShellScriptBuildPhase section */
		ADE180DE199C99C9001FCD06 /* ShellScript */ = {
			isa = PBXShellScriptBuildPhase;
			buildActionMask = 2147483647;
			files = (
			);
			inputPaths = (
			);
			outputPaths = (
			);
			runOnlyForDeploymentPostprocessing = 0;
			shellPath = /bin/sh;
			shellScript = "";
		};
/* End PBXShellScriptBuildPhase section */

/* Begin PBXSourcesBuildPhase section */
		ADE180A8199C9997001FCD06 /* Sources */ = {
			isa = PBXSourcesBuildPhase;
			buildActionMask = 2147483647;
			files = (
				ADE180C0199C9997001FCD06 /* AppDelegate.m in Sources */,
				ADE180BC199C9997001FCD06 /* main.m in Sources */,
				ADE180F2199CA4C3001FCD06 /* RootViewController.m in Sources */,
				AD01F5A519A1AED6002BF864 /* MBProgressHUD.m in Sources */,
			);
			runOnlyForDeploymentPostprocessing = 0;
		};
/* End PBXSourcesBuildPhase section */

/* Begin PBXTargetDependency section */
		AD01F65219A1F625002BF864 /* PBXTargetDependency */ = {
			isa = PBXTargetDependency;
			name = ASIKit;
			targetProxy = AD01F65119A1F625002BF864 /* PBXContainerItemProxy */;
		};
/* End PBXTargetDependency section */

/* Begin PBXVariantGroup section */
		ADE180B8199C9997001FCD06 /* InfoPlist.strings */ = {
			isa = PBXVariantGroup;
			children = (
				ADE180B9199C9997001FCD06 /* en */,
			);
			name = InfoPlist.strings;
			sourceTree = "<group>";
		};
/* End PBXVariantGroup section */

/* Begin XCBuildConfiguration section */
		ADE180D6199C9997001FCD06 /* Debug */ = {
			isa = XCBuildConfiguration;
			buildSettings = {
				ALWAYS_SEARCH_USER_PATHS = NO;
				CLANG_CXX_LANGUAGE_STANDARD = "gnu++0x";
				CLANG_CXX_LIBRARY = "libc++";
				CLANG_ENABLE_MODULES = YES;
				CLANG_ENABLE_OBJC_ARC = YES;
				CLANG_WARN_BOOL_CONVERSION = YES;
				CLANG_WARN_CONSTANT_CONVERSION = YES;
				CLANG_WARN_DIRECT_OBJC_ISA_USAGE = YES_ERROR;
				CLANG_WARN_EMPTY_BODY = YES;
				CLANG_WARN_ENUM_CONVERSION = YES;
				CLANG_WARN_INT_CONVERSION = YES;
				CLANG_WARN_OBJC_ROOT_CLASS = YES_ERROR;
				CLANG_WARN__DUPLICATE_METHOD_MATCH = YES;
				"CODE_SIGN_IDENTITY[sdk=iphoneos*]" = "iPhone Developer";
				COPY_PHASE_STRIP = NO;
				GCC_C_LANGUAGE_STANDARD = gnu99;
				GCC_DYNAMIC_NO_PIC = NO;
				GCC_OPTIMIZATION_LEVEL = 0;
				GCC_PREPROCESSOR_DEFINITIONS = (
					"DEBUG=1",
					"$(inherited)",
				);
				GCC_SYMBOLS_PRIVATE_EXTERN = NO;
				GCC_WARN_64_TO_32_BIT_CONVERSION = YES;
				GCC_WARN_ABOUT_RETURN_TYPE = YES_ERROR;
				GCC_WARN_UNDECLARED_SELECTOR = YES;
				GCC_WARN_UNINITIALIZED_AUTOS = YES_AGGRESSIVE;
				GCC_WARN_UNUSED_FUNCTION = YES;
				GCC_WARN_UNUSED_VARIABLE = YES;
				IPHONEOS_DEPLOYMENT_TARGET = 7.1;
				ONLY_ACTIVE_ARCH = YES;
				SDKROOT = iphoneos;
			};
			name = Debug;
		};
		ADE180D7199C9997001FCD06 /* Release */ = {
			isa = XCBuildConfiguration;
			buildSettings = {
				ALWAYS_SEARCH_USER_PATHS = NO;
				CLANG_CXX_LANGUAGE_STANDARD = "gnu++0x";
				CLANG_CXX_LIBRARY = "libc++";
				CLANG_ENABLE_MODULES = YES;
				CLANG_ENABLE_OBJC_ARC = YES;
				CLANG_WARN_BOOL_CONVERSION = YES;
				CLANG_WARN_CONSTANT_CONVERSION = YES;
				CLANG_WARN_DIRECT_OBJC_ISA_USAGE = YES_ERROR;
				CLANG_WARN_EMPTY_BODY = YES;
				CLANG_WARN_ENUM_CONVERSION = YES;
				CLANG_WARN_INT_CONVERSION = YES;
				CLANG_WARN_OBJC_ROOT_CLASS = YES_ERROR;
				CLANG_WARN__DUPLICATE_METHOD_MATCH = YES;
				"CODE_SIGN_IDENTITY[sdk=iphoneos*]" = "iPhone Developer";
				COPY_PHASE_STRIP = YES;
				ENABLE_NS_ASSERTIONS = NO;
				GCC_C_LANGUAGE_STANDARD = gnu99;
				GCC_WARN_64_TO_32_BIT_CONVERSION = YES;
				GCC_WARN_ABOUT_RETURN_TYPE = YES_ERROR;
				GCC_WARN_UNDECLARED_SELECTOR = YES;
				GCC_WARN_UNINITIALIZED_AUTOS = YES_AGGRESSIVE;
				GCC_WARN_UNUSED_FUNCTION = YES;
				GCC_WARN_UNUSED_VARIABLE = YES;
				IPHONEOS_DEPLOYMENT_TARGET = 7.1;
				SDKROOT = iphoneos;
				VALIDATE_PRODUCT = YES;
			};
			name = Release;
		};
		ADE180D9199C9997001FCD06 /* Debug */ = {
			isa = XCBuildConfiguration;
			buildSettings = {
				ALWAYS_SEARCH_USER_PATHS = YES;
				ASSETCATALOG_COMPILER_APPICON_NAME = AppIcon;
				ASSETCATALOG_COMPILER_LAUNCHIMAGE_NAME = LaunchImage;
				CLANG_ENABLE_OBJC_ARC = NO;
				FRAMEWORK_SEARCH_PATHS = (
					"$(inherited)",
					"$(PROJECT_DIR)",
					"$(PROJECT_DIR)/Products",
				);
				GCC_PRECOMPILE_PREFIX_HEADER = YES;
				GCC_PREFIX_HEADER = "SCS-iOS-Demo/SCS-iOS-Demo-Prefix.pch";
				HEADER_SEARCH_PATHS = (
					"$(inherited)",
					/Applications/Xcode.app/Contents/Developer/Toolchains/XcodeDefault.xctoolchain/usr/include,
					"$(SRCROOT)/asi-scs/**",
				);
				INFOPLIST_FILE = "SCS-iOS-Demo/SCS-iOS-Demo-Info.plist";
				PRODUCT_NAME = "$(TARGET_NAME)";
				WRAPPER_EXTENSION = app;
			};
			name = Debug;
		};
		ADE180DA199C9997001FCD06 /* Release */ = {
			isa = XCBuildConfiguration;
			buildSettings = {
				ALWAYS_SEARCH_USER_PATHS = YES;
				ASSETCATALOG_COMPILER_APPICON_NAME = AppIcon;
				ASSETCATALOG_COMPILER_LAUNCHIMAGE_NAME = LaunchImage;
				CLANG_ENABLE_OBJC_ARC = NO;
				FRAMEWORK_SEARCH_PATHS = (
					"$(inherited)",
					"$(PROJECT_DIR)",
					"$(PROJECT_DIR)/Products",
				);
				GCC_PRECOMPILE_PREFIX_HEADER = YES;
				GCC_PREFIX_HEADER = "SCS-iOS-Demo/SCS-iOS-Demo-Prefix.pch";
				HEADER_SEARCH_PATHS = (
					"$(inherited)",
					/Applications/Xcode.app/Contents/Developer/Toolchains/XcodeDefault.xctoolchain/usr/include,
					"$(SRCROOT)/asi-scs/**",
				);
				INFOPLIST_FILE = "SCS-iOS-Demo/SCS-iOS-Demo-Info.plist";
				PRODUCT_NAME = "$(TARGET_NAME)";
				WRAPPER_EXTENSION = app;
			};
			name = Release;
		};
/* End XCBuildConfiguration section */

/* Begin XCConfigurationList section */
		ADE180A7199C9997001FCD06 /* Build configuration list for PBXProject "SCS-iOS-Demo" */ = {
			isa = XCConfigurationList;
			buildConfigurations = (
				ADE180D6199C9997001FCD06 /* Debug */,
				ADE180D7199C9997001FCD06 /* Release */,
			);
			defaultConfigurationIsVisible = 0;
			defaultConfigurationName = Release;
		};
		ADE180D8199C9997001FCD06 /* Build configuration list for PBXNativeTarget "SCS-iOS-Demo" */ = {
			isa = XCConfigurationList;
			buildConfigurations = (
				ADE180D9199C9997001FCD06 /* Debug */,
				ADE180DA199C9997001FCD06 /* Release */,
			);
			defaultConfigurationIsVisible = 0;
			defaultConfigurationName = Release;
		};
/* End XCConfigurationList section */
	};
	rootObject = ADE180A4199C9997001FCD06 /* Project object */;
}
